
Microsoft Visual Studio Solution File, Format Version 11.00
# Visual Studio 2010
Project("{FAE04EC0-301F-11D3-BF4B-00C04F79EFBC}") = "Assembly-CSharp", "Assembly-CSharp.csproj", "{C513BFEB-0C9D-CCE9-677D-6D70815FAFC1}"
EndProject
Project("{FAE04EC0-301F-11D3-BF4B-00C04F79EFBC}") = "Assembly-CSharp-firstpass", "Assembly-CSharp-firstpass.csproj", "{F3854E78-03A2-2649-BB69-D426C1225F4D}"
EndProject
Project("{FAE04EC0-301F-11D3-BF4B-00C04F79EFBC}") = "Assembly-CSharp-Editor-firstpass", "Assembly-CSharp-Editor-firstpass.csproj", "{250A1915-16CA-CF8C-BB6C-FE02F67FEBA4}"
EndProject
Project("{FAE04EC0-301F-11D3-BF4B-00C04F79EFBC}") = "Assembly-CSharp-Editor", "Assembly-CSharp-Editor.csproj", "{969F2743-6358-96F2-0285-FA2625BD7761}"
EndProject
Global
	GlobalSection(SolutionConfigurationPlatforms) = preSolution
		Debug|Any CPU = Debug|Any CPU
		Release|Any CPU = Release|Any CPU
	EndGlobalSection
	GlobalSection(ProjectConfigurationPlatforms) = postSolution
		{C513BFEB-0C9D-CCE9-677D-6D70815FAFC1}.Debug|Any CPU.ActiveCfg = Debug|Any CPU
		{C513BFEB-0C9D-CCE9-677D-6D70815FAFC1}.Debug|Any CPU.Build.0 = Debug|Any CPU
		{C513BFEB-0C9D-CCE9-677D-6D70815FAFC1}.Release|Any CPU.ActiveCfg = Release|Any CPU
		{C513BFEB-0C9D-CCE9-677D-6D70815FAFC1}.Release|Any CPU.Build.0 = Release|Any CPU
		{F3854E78-03A2-2649-BB69-D426C1225F4D}.Debug|Any CPU.ActiveCfg = Debug|Any CPU
		{F3854E78-03A2-2649-BB69-D426C1225F4D}.Debug|Any CPU.Build.0 = Debug|Any CPU
		{F3854E78-03A2-2649-BB69-D426C1225F4D}.Release|Any CPU.ActiveCfg = Release|Any CPU
		{F3854E78-03A2-2649-BB69-D426C1225F4D}.Release|Any CPU.Build.0 = Release|Any CPU
		{250A1915-16CA-CF8C-BB6C-FE02F67FEBA4}.Debug|Any CPU.ActiveCfg = Debug|Any CPU
		{250A1915-16CA-CF8C-BB6C-FE02F67FEBA4}.Debug|Any CPU.Build.0 = Debug|Any CPU
		{250A1915-16CA-CF8C-BB6C-FE02F67FEBA4}.Release|Any CPU.ActiveCfg = Release|Any CPU
		{250A1915-16CA-CF8C-BB6C-FE02F67FEBA4}.Release|Any CPU.Build.0 = Release|Any CPU
		{969F2743-6358-96F2-0285-FA2625BD7761}.Debug|Any CPU.ActiveCfg = Debug|Any CPU
		{969F2743-6358-96F2-0285-FA2625BD7761}.Debug|Any CPU.Build.0 = Debug|Any CPU
		{969F2743-6358-96F2-0285-FA2625BD7761}.Release|Any CPU.ActiveCfg = Release|Any CPU
		{969F2743-6358-96F2-0285-FA2625BD7761}.Release|Any CPU.Build.0 = Release|Any CPU
	EndGlobalSection
	GlobalSection(SolutionProperties) = preSolution
		HideSolutionNode = FALSE
	EndGlobalSection
	GlobalSection(MonoDevelopProperties) = preSolution
		StartupItem = Assembly-CSharp.csproj
	EndGlobalSection
EndGlobal
